// !$*UTF8*$!
{
	archiveVersion = 1;
	classes = {
	};
	objectVersion = 56;
	objects = {

/* Begin PBXBuildFile section */
		3D5922302B81EDAC00289126 /* LocationManager.swift in Sources */ = {isa = PBXBuildFile; fileRef = 3D59222F2B81EDAC00289126 /* LocationManager.swift */; };
		3D5922322B81EDD000289126 /* IAPManager.swift in Sources */ = {isa = PBXBuildFile; fileRef = 3D5922312B81EDD000289126 /* IAPManager.swift */; };
		3D5922342B81EDE200289126 /* WeatherManager.swift in Sources */ = {isa = PBXBuildFile; fileRef = 3D5922332B81EDE200289126 /* WeatherManager.swift */; };
		3D5922362B81EE7B00289126 /* TabViewController.swift in Sources */ = {isa = PBXBuildFile; fileRef = 3D5922352B81EE7B00289126 /* TabViewController.swift */; };
		3D5922382B81EE8A00289126 /* SettingsViewController.swift in Sources */ = {isa = PBXBuildFile; fileRef = 3D5922372B81EE8A00289126 /* SettingsViewController.swift */; };
		3D59223A2B81EE9600289126 /* WeatherViewController.swift in Sources */ = {isa = PBXBuildFile; fileRef = 3D5922392B81EE9600289126 /* WeatherViewController.swift */; };
		3DCC16D72B286F6100E10835 /* AppDelegate.swift in Sources */ = {isa = PBXBuildFile; fileRef = 3DCC16D62B286F6100E10835 /* AppDelegate.swift */; };
		3DCC16D92B286F6100E10835 /* SceneDelegate.swift in Sources */ = {isa = PBXBuildFile; fileRef = 3DCC16D82B286F6100E10835 /* SceneDelegate.swift */; };
		3DCC16DB2B286F6100E10835 /* ViewController.swift in Sources */ = {isa = PBXBuildFile; fileRef = 3DCC16DA2B286F6100E10835 /* ViewController.swift */; };
		3DCC16DE2B286F6100E10835 /* Main.storyboard in Resources */ = {isa = PBXBuildFile; fileRef = 3DCC16DC2B286F6100E10835 /* Main.storyboard */; };
		3DCC16E02B286F6300E10835 /* Assets.xcassets in Resources */ = {isa = PBXBuildFile; fileRef = 3DCC16DF2B286F6300E10835 /* Assets.xcassets */; };
		3DCC16E32B286F6300E10835 /* LaunchScreen.storyboard in Resources */ = {isa = PBXBuildFile; fileRef = 3DCC16E12B286F6300E10835 /* LaunchScreen.storyboard */; };
/* End PBXBuildFile section */

/* Begin PBXFileReference section */
		3D59222F2B81EDAC00289126 /* LocationManager.swift */ = {isa = PBXFileReference; lastKnownFileType = sourcecode.swift; path = LocationManager.swift; sourceTree = "<group>"; };
		3D5922312B81EDD000289126 /* IAPManager.swift */ = {isa = PBXFileReference; lastKnownFileType = sourcecode.swift; path = IAPManager.swift; sourceTree = "<group>"; };
		3D5922332B81EDE200289126 /* WeatherManager.swift */ = {isa = PBXFileReference; lastKnownFileType = sourcecode.swift; path = WeatherManager.swift; sourceTree = "<group>"; };
		3D5922352B81EE7B00289126 /* TabViewController.swift */ = {isa = PBXFileReference; lastKnownFileType = sourcecode.swift; path = TabViewController.swift; sourceTree = "<group>"; };
		3D5922372B81EE8A00289126 /* SettingsViewController.swift */ = {isa = PBXFileReference; lastKnownFileType = sourcecode.swift; path = SettingsViewController.swift; sourceTree = "<group>"; };
		3D5922392B81EE9600289126 /* WeatherViewController.swift */ = {isa = PBXFileReference; lastKnownFileType = sourcecode.swift; path = WeatherViewController.swift; sourceTree = "<group>"; };
		3DCC16D32B286F6100E10835 /* Brightsky.app */ = {isa = PBXFileReference; explicitFileType = wrapper.application; includeInIndex = 0; path = Brightsky.app; sourceTree = BUILT_PRODUCTS_DIR; };
		3DCC16D62B286F6100E10835 /* AppDelegate.swift */ = {isa = PBXFileReference; lastKnownFileType = sourcecode.swift; path = AppDelegate.swift; sourceTree = "<group>"; };
		3DCC16D82B286F6100E10835 /* SceneDelegate.swift */ = {isa = PBXFileReference; lastKnownFileType = sourcecode.swift; path = SceneDelegate.swift; sourceTree = "<group>"; };
		3DCC16DA2B286F6100E10835 /* ViewController.swift */ = {isa = PBXFileReference; lastKnownFileType = sourcecode.swift; path = ViewController.swift; sourceTree = "<group>"; };
		3DCC16DD2B286F6100E10835 /* Base */ = {isa = PBXFileReference; lastKnownFileType = file.storyboard; name = Base; path = Base.lproj/Main.storyboard; sourceTree = "<group>"; };
		3DCC16DF2B286F6300E10835 /* Assets.xcassets */ = {isa = PBXFileReference; lastKnownFileType = folder.assetcatalog; path = Assets.xcassets; sourceTree = "<group>"; };
		3DCC16E22B286F6300E10835 /* Base */ = {isa = PBXFileReference; lastKnownFileType = file.storyboard; name = Base; path = Base.lproj/LaunchScreen.storyboard; sourceTree = "<group>"; };
		3DCC16E42B286F6300E10835 /* Info.plist */ = {isa = PBXFileReference; lastKnownFileType = text.plist.xml; path = Info.plist; sourceTree = "<group>"; };
		3DCC16EA2B28758400E10835 /* Brightsky.entitlements */ = {isa = PBXFileReference; lastKnownFileType = text.plist.entitlements; path = Brightsky.entitlements; sourceTree = "<group>"; };
/* End PBXFileReference section */

/* Begin PBXFrameworksBuildPhase section */
		3DCC16D02B286F6100E10835 /* Frameworks */ = {
			isa = PBXFrameworksBuildPhase;
			buildActionMask = 2147483647;
			files = (
			);
			runOnlyForDeploymentPostprocessing = 0;
		};
/* End PBXFrameworksBuildPhase section */

/* Begin PBXGroup section */
		3D5922292B81ED6300289126 /* Views */ = {
			isa = PBXGroup;
			children = (
			);
			path = Views;
			sourceTree = "<group>";
		};
		3D59222A2B81ED6900289126 /* ViewModels */ = {
			isa = PBXGroup;
			children = (
			);
			path = ViewModels;
			sourceTree = "<group>";
		};
		3D59222B2B81ED7000289126 /* Models */ = {
			isa = PBXGroup;
			children = (
			);
			path = Models;
			sourceTree = "<group>";
		};
		3D59222C2B81ED8C00289126 /* Controllers */ = {
			isa = PBXGroup;
			children = (
				3D5922352B81EE7B00289126 /* TabViewController.swift */,
				3D5922372B81EE8A00289126 /* SettingsViewController.swift */,
				3D5922392B81EE9600289126 /* WeatherViewController.swift */,
			);
			path = Controllers;
			sourceTree = "<group>";
		};
		3D59222D2B81ED9400289126 /* Other */ = {
			isa = PBXGroup;
			children = (
			);
			path = Other;
			sourceTree = "<group>";
		};
		3D59222E2B81ED9A00289126 /* Managers */ = {
			isa = PBXGroup;
			children = (
				3D59222F2B81EDAC00289126 /* LocationManager.swift */,
				3D5922312B81EDD000289126 /* IAPManager.swift */,
				3D5922332B81EDE200289126 /* WeatherManager.swift */,
			);
			path = Managers;
			sourceTree = "<group>";
		};
		3DCC16CA2B286F6100E10835 = {
			isa = PBXGroup;
			children = (
				3DCC16D52B286F6100E10835 /* Brightsky */,
				3DCC16D42B286F6100E10835 /* Products */,
			);
			sourceTree = "<group>";
		};
		3DCC16D42B286F6100E10835 /* Products */ = {
			isa = PBXGroup;
			children = (
				3DCC16D32B286F6100E10835 /* Brightsky.app */,
			);
			name = Products;
			sourceTree = "<group>";
		};
		3DCC16D52B286F6100E10835 /* Brightsky */ = {
			isa = PBXGroup;
			children = (
				3D59222E2B81ED9A00289126 /* Managers */,
				3D59222D2B81ED9400289126 /* Other */,
				3D59222C2B81ED8C00289126 /* Controllers */,
				3D59222B2B81ED7000289126 /* Models */,
				3D59222A2B81ED6900289126 /* ViewModels */,
				3D5922292B81ED6300289126 /* Views */,
				3DCC16EA2B28758400E10835 /* Brightsky.entitlements */,
				3DCC16D62B286F6100E10835 /* AppDelegate.swift */,
				3DCC16D82B286F6100E10835 /* SceneDelegate.swift */,
				3DCC16DA2B286F6100E10835 /* ViewController.swift */,
				3DCC16DC2B286F6100E10835 /* Main.storyboard */,
				3DCC16DF2B286F6300E10835 /* Assets.xcassets */,
				3DCC16E12B286F6300E10835 /* LaunchScreen.storyboard */,
				3DCC16E42B286F6300E10835 /* Info.plist */,
			);
			path = Brightsky;
			sourceTree = "<group>";
		};
/* End PBXGroup section */

/* Begin PBXNativeTarget section */
		3DCC16D22B286F6100E10835 /* Brightsky */ = {
			isa = PBXNativeTarget;
			buildConfigurationList = 3DCC16E72B286F6300E10835 /* Build configuration list for PBXNativeTarget "Brightsky" */;
			buildPhases = (
				3DCC16CF2B286F6100E10835 /* Sources */,
				3DCC16D02B286F6100E10835 /* Frameworks */,
				3DCC16D12B286F6100E10835 /* Resources */,
			);
			buildRules = (
			);
			dependencies = (
			);
			name = Brightsky;
			productName = Brightsky;
			productReference = 3DCC16D32B286F6100E10835 /* Brightsky.app */;
			productType = "com.apple.product-type.application";
		};
/* End PBXNativeTarget section */

/* Begin PBXProject section */
		3DCC16CB2B286F6100E10835 /* Project object */ = {
			isa = PBXProject;
			attributes = {
				BuildIndependentTargetsInParallel = 1;
				LastSwiftUpdateCheck = 1430;
				LastUpgradeCheck = 1430;
				TargetAttributes = {
					3DCC16D22B286F6100E10835 = {
						CreatedOnToolsVersion = 14.3.1;
					};
				};
			};
			buildConfigurationList = 3DCC16CE2B286F6100E10835 /* Build configuration list for PBXProject "Brightsky" */;
			compatibilityVersion = "Xcode 14.0";
			developmentRegion = en;
			hasScannedForEncodings = 0;
			knownRegions = (
				en,
				Base,
			);
			mainGroup = 3DCC16CA2B286F6100E10835;
			productRefGroup = 3DCC16D42B286F6100E10835 /* Products */;
			projectDirPath = "";
			projectRoot = "";
			targets = (
				3DCC16D22B286F6100E10835 /* Brightsky */,
			);
		};
/* End PBXProject section */

/* Begin PBXResourcesBuildPhase section */
		3DCC16D12B286F6100E10835 /* Resources */ = {
			isa = PBXResourcesBuildPhase;
			buildActionMask = 2147483647;
			files = (
				3DCC16E32B286F6300E10835 /* LaunchScreen.storyboard in Resources */,
				3DCC16E02B286F6300E10835 /* Assets.xcassets in Resources */,
				3DCC16DE2B286F6100E10835 /* Main.storyboard in Resources */,
			);
			runOnlyForDeploymentPostprocessing = 0;
		};
/* End PBXResourcesBuildPhase section */

/* Begin PBXSourcesBuildPhase section */
		3DCC16CF2B286F6100E10835 /* Sources */ = {
			isa = PBXSourcesBuildPhase;
			buildActionMask = 2147483647;
			files = (
				3D5922342B81EDE200289126 /* WeatherManager.swift in Sources */,
				3D59223A2B81EE9600289126 /* WeatherViewController.swift in Sources */,
				3D5922302B81EDAC00289126 /* LocationManager.swift in Sources */,
				3D5922322B81EDD000289126 /* IAPManager.swift in Sources */,
				3DCC16DB2B286F6100E10835 /* ViewController.swift in Sources */,
				3DCC16D72B286F6100E10835 /* AppDelegate.swift in Sources */,
				3D5922362B81EE7B00289126 /* TabViewController.swift in Sources */,
				3DCC16D92B286F6100E10835 /* SceneDelegate.swift in Sources */,
				3D5922382B81EE8A00289126 /* SettingsViewController.swift in Sources */,
			);
			runOnlyForDeploymentPostprocessing = 0;
		};
/* End PBXSourcesBuildPhase section */

/* Begin PBXVariantGroup section */
		3DCC16DC2B286F6100E10835 /* Main.storyboard */ = {
			isa = PBXVariantGroup;
			children = (
				3DCC16DD2B286F6100E10835 /* Base */,
			);
			name = Main.storyboard;
			sourceTree = "<group>";
		};
		3DCC16E12B286F6300E10835 /* LaunchScreen.storyboard */ = {
			isa = PBXVariantGroup;
			children = (
				3DCC16E22B286F6300E10835 /* Base */,
			);
			name = LaunchScreen.storyboard;
			sourceTree = "<group>";
		};
/* End PBXVariantGroup section */

/* Begin XCBuildConfiguration section */
		3DCC16E52B286F6300E10835 /* Debug */ = {
			isa = XCBuildConfiguration;
			buildSettings = {
				ALWAYS_SEARCH_USER_PATHS = NO;
				CLANG_ANALYZER_NONNULL = YES;
				CLANG_ANALYZER_NUMBER_OBJECT_CONVERSION = YES_AGGRESSIVE;
				CLANG_CXX_LANGUAGE_STANDARD = "gnu++20";
				CLANG_ENABLE_MODULES = YES;
				CLANG_ENABLE_OBJC_ARC = YES;
				CLANG_ENABLE_OBJC_WEAK = YES;
				CLANG_WARN_BLOCK_CAPTURE_AUTORELEASING = YES;
				CLANG_WARN_BOOL_CONVERSION = YES;
				CLANG_WARN_COMMA = YES;
				CLANG_WARN_CONSTANT_CONVERSION = YES;
				CLANG_WARN_DEPRECATED_OBJC_IMPLEMENTATIONS = YES;
				CLANG_WARN_DIRECT_OBJC_ISA_USAGE = YES_ERROR;
				CLANG_WARN_DOCUMENTATION_COMMENTS = YES;
				CLANG_WARN_EMPTY_BODY = YES;
				CLANG_WARN_ENUM_CONVERSION = YES;
				CLANG_WARN_INFINITE_RECURSION = YES;
				CLANG_WARN_INT_CONVERSION = YES;
				CLANG_WARN_NON_LITERAL_NULL_CONVERSION = YES;
				CLANG_WARN_OBJC_IMPLICIT_RETAIN_SELF = YES;
				CLANG_WARN_OBJC_LITERAL_CONVERSION = YES;
				CLANG_WARN_OBJC_ROOT_CLASS = YES_ERROR;
				CLANG_WARN_QUOTED_INCLUDE_IN_FRAMEWORK_HEADER = YES;
				CLANG_WARN_RANGE_LOOP_ANALYSIS = YES;
				CLANG_WARN_STRICT_PROTOTYPES = YES;
				CLANG_WARN_SUSPICIOUS_MOVE = YES;
				CLANG_WARN_UNGUARDED_AVAILABILITY = YES_AGGRESSIVE;
				CLANG_WARN_UNREACHABLE_CODE = YES;
				CLANG_WARN__DUPLICATE_METHOD_MATCH = YES;
				COPY_PHASE_STRIP = NO;
				DEBUG_INFORMATION_FORMAT = dwarf;
				ENABLE_STRICT_OBJC_MSGSEND = YES;
				ENABLE_TESTABILITY = YES;
				GCC_C_LANGUAGE_STANDARD = gnu11;
				GCC_DYNAMIC_NO_PIC = NO;
				GCC_NO_COMMON_BLOCKS = YES;
				GCC_OPTIMIZATION_LEVEL = 0;
				GCC_PREPROCESSOR_DEFINITIONS = (
					"DEBUG=1",
					"$(inherited)",
				);
				GCC_WARN_64_TO_32_BIT_CONVERSION = YES;
				GCC_WARN_ABOUT_RETURN_TYPE = YES_ERROR;
				GCC_WARN_UNDECLARED_SELECTOR = YES;
				GCC_WARN_UNINITIALIZED_AUTOS = YES_AGGRESSIVE;
				GCC_WARN_UNUSED_FUNCTION = YES;
				GCC_WARN_UNUSED_VARIABLE = YES;
				IPHONEOS_DEPLOYMENT_TARGET = 16.4;
				MTL_ENABLE_DEBUG_INFO = INCLUDE_SOURCE;
				MTL_FAST_MATH = YES;
				ONLY_ACTIVE_ARCH = YES;
				SDKROOT = iphoneos;
				SWIFT_ACTIVE_COMPILATION_CONDITIONS = DEBUG;
				SWIFT_OPTIMIZATION_LEVEL = "-Onone";
			};
			name = Debug;
		};
		3DCC16E62B286F6300E10835 /* Release */ = {
			isa = XCBuildConfiguration;
			buildSettings = {
				ALWAYS_SEARCH_USER_PATHS = NO;
				CLANG_ANALYZER_NONNULL = YES;
				CLANG_ANALYZER_NUMBER_OBJECT_CONVERSION = YES_AGGRESSIVE;
				CLANG_CXX_LANGUAGE_STANDARD = "gnu++20";
				CLANG_ENABLE_MODULES = YES;
				CLANG_ENABLE_OBJC_ARC = YES;
				CLANG_ENABLE_OBJC_WEAK = YES;
				CLANG_WARN_BLOCK_CAPTURE_AUTORELEASING = YES;
				CLANG_WARN_BOOL_CONVERSION = YES;
				CLANG_WARN_COMMA = YES;
				CLANG_WARN_CONSTANT_CONVERSION = YES;
				CLANG_WARN_DEPRECATED_OBJC_IMPLEMENTATIONS = YES;
				CLANG_WARN_DIRECT_OBJC_ISA_USAGE = YES_ERROR;
				CLANG_WARN_DOCUMENTATION_COMMENTS = YES;
				CLANG_WARN_EMPTY_BODY = YES;
				CLANG_WARN_ENUM_CONVERSION = YES;
				CLANG_WARN_INFINITE_RECURSION = YES;
				CLANG_WARN_INT_CONVERSION = YES;
				CLANG_WARN_NON_LITERAL_NULL_CONVERSION = YES;
				CLANG_WARN_OBJC_IMPLICIT_RETAIN_SELF = YES;
				CLANG_WARN_OBJC_LITERAL_CONVERSION = YES;
				CLANG_WARN_OBJC_ROOT_CLASS = YES_ERROR;
				CLANG_WARN_QUOTED_INCLUDE_IN_FRAMEWORK_HEADER = YES;
				CLANG_WARN_RANGE_LOOP_ANALYSIS = YES;
				CLANG_WARN_STRICT_PROTOTYPES = YES;
				CLANG_WARN_SUSPICIOUS_MOVE = YES;
				CLANG_WARN_UNGUARDED_AVAILABILITY = YES_AGGRESSIVE;
				CLANG_WARN_UNREACHABLE_CODE = YES;
				CLANG_WARN__DUPLICATE_METHOD_MATCH = YES;
				COPY_PHASE_STRIP = NO;
				DEBUG_INFORMATION_FORMAT = "dwarf-with-dsym";
				ENABLE_NS_ASSERTIONS = NO;
				ENABLE_STRICT_OBJC_MSGSEND = YES;
				GCC_C_LANGUAGE_STANDARD = gnu11;
				GCC_NO_COMMON_BLOCKS = YES;
				GCC_WARN_64_TO_32_BIT_CONVERSION = YES;
				GCC_WARN_ABOUT_RETURN_TYPE = YES_ERROR;
				GCC_WARN_UNDECLARED_SELECTOR = YES;
				GCC_WARN_UNINITIALIZED_AUTOS = YES_AGGRESSIVE;
				GCC_WARN_UNUSED_FUNCTION = YES;
				GCC_WARN_UNUSED_VARIABLE = YES;
				IPHONEOS_DEPLOYMENT_TARGET = 16.4;
				MTL_ENABLE_DEBUG_INFO = NO;
				MTL_FAST_MATH = YES;
				SDKROOT = iphoneos;
				SWIFT_COMPILATION_MODE = wholemodule;
				SWIFT_OPTIMIZATION_LEVEL = "-O";
				VALIDATE_PRODUCT = YES;
			};
			name = Release;
		};
		3DCC16E82B286F6300E10835 /* Debug */ = {
			isa = XCBuildConfiguration;
			buildSettings = {
				ASSETCATALOG_COMPILER_APPICON_NAME = AppIcon;
				ASSETCATALOG_COMPILER_GLOBAL_ACCENT_COLOR_NAME = AccentColor;
				CODE_SIGN_ENTITLEMENTS = Brightsky/Brightsky.entitlements;
				CODE_SIGN_STYLE = Automatic;
				CURRENT_PROJECT_VERSION = 1;
				DEVELOPMENT_TEAM = VJFD5DRS6S;
				GENERATE_INFOPLIST_FILE = YES;
				INFOPLIST_FILE = Brightsky/Info.plist;
				INFOPLIST_KEY_UIApplicationSupportsIndirectInputEvents = YES;
				INFOPLIST_KEY_UILaunchStoryboardName = LaunchScreen;
				INFOPLIST_KEY_UIMainStoryboardFile = Main;
				INFOPLIST_KEY_UISupportedInterfaceOrientations_iPad = "UIInterfaceOrientationPortrait UIInterfaceOrientationPortraitUpsideDown UIInterfaceOrientationLandscapeLeft UIInterfaceOrientationLandscapeRight";
				INFOPLIST_KEY_UISupportedInterfaceOrientations_iPhone = "UIInterfaceOrientationPortrait UIInterfaceOrientationLandscapeLeft UIInterfaceOrientationLandscapeRight";
				LD_RUNPATH_SEARCH_PATHS = (
					"$(inherited)",
					"@executable_path/Frameworks",
				);
				MARKETING_VERSION = 1.0;
				PRODUCT_BUNDLE_IDENTIFIER = com.seattle.Brightsky;
				PRODUCT_NAME = "$(TARGET_NAME)";
				SWIFT_EMIT_LOC_STRINGS = YES;
				SWIFT_VERSION = 5.0;
				TARGETED_DEVICE_FAMILY = "1,2";
			};
			name = Debug;
		};
		3DCC16E92B286F6300E10835 /* Release */ = {
			isa = XCBuildConfiguration;
			buildSettings = {
				ASSETCATALOG_COMPILER_APPICON_NAME = AppIcon;
				ASSETCATALOG_COMPILER_GLOBAL_ACCENT_COLOR_NAME = AccentColor;
				CODE_SIGN_ENTITLEMENTS = Brightsky/Brightsky.entitlements;
				CODE_SIGN_STYLE = Automatic;
				CURRENT_PROJECT_VERSION = 1;
				DEVELOPMENT_TEAM = VJFD5DRS6S;
				GENERATE_INFOPLIST_FILE = YES;
				INFOPLIST_FILE = Brightsky/Info.plist;
				INFOPLIST_KEY_UIApplicationSupportsIndirectInputEvents = YES;
				INFOPLIST_KEY_UILaunchStoryboardName = LaunchScreen;
				INFOPLIST_KEY_UIMainStoryboardFile = Main;
				INFOPLIST_KEY_UISupportedInterfaceOrientations_iPad = "UIInterfaceOrientationPortrait UIInterfaceOrientationPortraitUpsideDown UIInterfaceOrientationLandscapeLeft UIInterfaceOrientationLandscapeRight";
				INFOPLIST_KEY_UISupportedInterfaceOrientations_iPhone = "UIInterfaceOrientationPortrait UIInterfaceOrientationLandscapeLeft UIInterfaceOrientationLandscapeRight";
				LD_RUNPATH_SEARCH_PATHS = (
					"$(inherited)",
					"@executable_path/Frameworks",
				);
				MARKETING_VERSION = 1.0;
				PRODUCT_BUNDLE_IDENTIFIER = com.seattle.Brightsky;
				PRODUCT_NAME = "$(TARGET_NAME)";
				SWIFT_EMIT_LOC_STRINGS = YES;
				SWIFT_VERSION = 5.0;
				TARGETED_DEVICE_FAMILY = "1,2";
			};
			name = Release;
		};
/* End XCBuildConfiguration section */

/* Begin XCConfigurationList section */
		3DCC16CE2B286F6100E10835 /* Build configuration list for PBXProject "Brightsky" */ = {
			isa = XCConfigurationList;
			buildConfigurations = (
				3DCC16E52B286F6300E10835 /* Debug */,
				3DCC16E62B286F6300E10835 /* Release */,
			);
			defaultConfigurationIsVisible = 0;
			defaultConfigurationName = Release;
		};
		3DCC16E72B286F6300E10835 /* Build configuration list for PBXNativeTarget "Brightsky" */ = {
			isa = XCConfigurationList;
			buildConfigurations = (
				3DCC16E82B286F6300E10835 /* Debug */,
				3DCC16E92B286F6300E10835 /* Release */,
			);
			defaultConfigurationIsVisible = 0;
			defaultConfigurationName = Release;
		};
/* End XCConfigurationList section */
	};
	rootObject = 3DCC16CB2B286F6100E10835 /* Project object */;
}
